github.com/yu-org/yu v0.0.0-20220904034718-e2cb34579c4b h1:+K/FxqjfrIiC38Yny5NEx7OuMEVw2I6991Ns0pwSeqU=
github.com/yu-org/yu v0.0.0-20220904034718-e2cb34579c4b/go.mod h1:LB4qE3zDHlCZWz0z5fppIdUsuL5kj3ObEVDCJGieozc=
github.com/yu-org/yu v0.0.0-20220924045051-a19a99628788 h1:bAe/xnq45VxGuUC9O3T5tEyMw7t5qM2fjCfeqkxxBrk=
github.com/yu-org/yu v0.0.0-20220924045051-a19a99628788/go.mod h1:LB4qE3zDHlCZWz0z5fppIdUsuL5kj3ObEVDCJGieozc=
